// !$*UTF8*$!
{
	archiveVersion = 1;
	classes = {
	};
	objectVersion = 46;
	objects = {

/* Begin PBXBuildFile section */
		C607042517C5CE0F0076E919 /* Cocoa.framework in Frameworks */ = {isa = PBXBuildFile; fileRef = C607042417C5CE0F0076E919 /* Cocoa.framework */; };
		C607042F17C5CE0F0076E919 /* InfoPlist.strings in Resources */ = {isa = PBXBuildFile; fileRef = C607042D17C5CE0F0076E919 /* InfoPlist.strings */; };
		C607043117C5CE0F0076E919 /* main.m in Sources */ = {isa = PBXBuildFile; fileRef = C607043017C5CE0F0076E919 /* main.m */; };
		C607043517C5CE0F0076E919 /* Credits.rtf in Resources */ = {isa = PBXBuildFile; fileRef = C607043317C5CE0F0076E919 /* Credits.rtf */; };
		C607043817C5CE0F0076E919 /* CBAppDelegate.m in Sources */ = {isa = PBXBuildFile; fileRef = C607043717C5CE0F0076E919 /* CBAppDelegate.m */; };
		C607043B17C5CE0F0076E919 /* MainMenu.xib in Resources */ = {isa = PBXBuildFile; fileRef = C607043917C5CE0F0076E919 /* MainMenu.xib */; };
		C607043E17C5CE0F0076E919 /* MacTwee.xcdatamodeld in Sources */ = {isa = PBXBuildFile; fileRef = C607043C17C5CE0F0076E919 /* MacTwee.xcdatamodeld */; };
		C607044617C5CE0F0076E919 /* SenTestingKit.framework in Frameworks */ = {isa = PBXBuildFile; fileRef = C607044517C5CE0F0076E919 /* SenTestingKit.framework */; };
		C607044717C5CE0F0076E919 /* Cocoa.framework in Frameworks */ = {isa = PBXBuildFile; fileRef = C607042417C5CE0F0076E919 /* Cocoa.framework */; };
		C607044F17C5CE0F0076E919 /* InfoPlist.strings in Resources */ = {isa = PBXBuildFile; fileRef = C607044D17C5CE0F0076E919 /* InfoPlist.strings */; };
		C607045217C5CE0F0076E919 /* MacTweeTests.m in Sources */ = {isa = PBXBuildFile; fileRef = C607045117C5CE0F0076E919 /* MacTweeTests.m */; };
		C607045D17C5CEFC0076E919 /* CBCoreDataManager.m in Sources */ = {isa = PBXBuildFile; fileRef = C607045C17C5CEFC0076E919 /* CBCoreDataManager.m */; };
		C60AFBB217CBABF100C6CA29 /* CBTextViewController.m in Sources */ = {isa = PBXBuildFile; fileRef = C60AFBB117CBABF100C6CA29 /* CBTextViewController.m */; };
		C62A03FD17CA8C7E00B89A34 /* CBTweeImportUtility.m in Sources */ = {isa = PBXBuildFile; fileRef = C62A03FC17CA8C7D00B89A34 /* CBTweeImportUtility.m */; };
		C62A040017CA8C8E00B89A34 /* CBTweeExportUtility.m in Sources */ = {isa = PBXBuildFile; fileRef = C62A03FF17CA8C8E00B89A34 /* CBTweeExportUtility.m */; };
		C62A040317CA8C9E00B89A34 /* CBTweeBuildUtility.m in Sources */ = {isa = PBXBuildFile; fileRef = C62A040217CA8C9E00B89A34 /* CBTweeBuildUtility.m */; };
		C62A040617CAF84300B89A34 /* CBProject.m in Sources */ = {isa = PBXBuildFile; fileRef = C62A040517CAF84200B89A34 /* CBProject.m */; };
		C62A040917CAF84300B89A34 /* CBPassage.m in Sources */ = {isa = PBXBuildFile; fileRef = C62A040817CAF84300B89A34 /* CBPassage.m */; };
		C6746FA917C977B00054BCD6 /* CBPreferencesManager.m in Sources */ = {isa = PBXBuildFile; fileRef = C6746FA817C977B00054BCD6 /* CBPreferencesManager.m */; };
		C69DA20617C83B730007BD17 /* CBProjectEditor.m in Sources */ = {isa = PBXBuildFile; fileRef = C69DA20517C83B730007BD17 /* CBProjectEditor.m */; };
		C69DA21017C851CE0007BD17 /* CBProjectViewController.m in Sources */ = {isa = PBXBuildFile; fileRef = C69DA20E17C851CE0007BD17 /* CBProjectViewController.m */; };
		C69DA21117C851CE0007BD17 /* CBProjectView.xib in Resources */ = {isa = PBXBuildFile; fileRef = C69DA20F17C851CE0007BD17 /* CBProjectView.xib */; };
		C69DA21417C855AD0007BD17 /* CBTweeFileTools.m in Sources */ = {isa = PBXBuildFile; fileRef = C69DA21317C855AD0007BD17 /* CBTweeFileTools.m */; };
		C69DA21717C863520007BD17 /* CBConstants.m in Sources */ = {isa = PBXBuildFile; fileRef = C69DA21617C863520007BD17 /* CBConstants.m */; };
		C69DA21F17C87BA70007BD17 /* NSString+PDRegex.m in Sources */ = {isa = PBXBuildFile; fileRef = C69DA21E17C87BA70007BD17 /* NSString+PDRegex.m */; };
		C6E90DC217C8143C0049ED37 /* CBPrimaryWindowController.m in Sources */ = {isa = PBXBuildFile; fileRef = C6E90DC017C8143C0049ED37 /* CBPrimaryWindowController.m */; };
		C6E90DC317C8143C0049ED37 /* CBPrimaryWindow.xib in Resources */ = {isa = PBXBuildFile; fileRef = C6E90DC117C8143C0049ED37 /* CBPrimaryWindow.xib */; };
		C6E90DC817C82A370049ED37 /* CBHomeViewController.m in Sources */ = {isa = PBXBuildFile; fileRef = C6E90DC617C82A370049ED37 /* CBHomeViewController.m */; };
		C6E90DC917C82A370049ED37 /* CBHomeView.xib in Resources */ = {isa = PBXBuildFile; fileRef = C6E90DC717C82A370049ED37 /* CBHomeView.xib */; };
/* End PBXBuildFile section */

/* Begin PBXContainerItemProxy section */
		C607044817C5CE0F0076E919 /* PBXContainerItemProxy */ = {
			isa = PBXContainerItemProxy;
			containerPortal = C607041917C5CE0F0076E919 /* Project object */;
			proxyType = 1;
			remoteGlobalIDString = C607042017C5CE0F0076E919;
			remoteInfo = MacTwee;
		};
/* End PBXContainerItemProxy section */

/* Begin PBXFileReference section */
		C607042117C5CE0F0076E919 /* MacTwee.app */ = {isa = PBXFileReference; explicitFileType = wrapper.application; includeInIndex = 0; path = MacTwee.app; sourceTree = BUILT_PRODUCTS_DIR; };
		C607042417C5CE0F0076E919 /* Cocoa.framework */ = {isa = PBXFileReference; lastKnownFileType = wrapper.framework; name = Cocoa.framework; path = System/Library/Frameworks/Cocoa.framework; sourceTree = SDKROOT; };
		C607042717C5CE0F0076E919 /* AppKit.framework */ = {isa = PBXFileReference; lastKnownFileType = wrapper.framework; name = AppKit.framework; path = System/Library/Frameworks/AppKit.framework; sourceTree = SDKROOT; };
		C607042817C5CE0F0076E919 /* CoreData.framework */ = {isa = PBXFileReference; lastKnownFileType = wrapper.framework; name = CoreData.framework; path = System/Library/Frameworks/CoreData.framework; sourceTree = SDKROOT; };
		C607042917C5CE0F0076E919 /* Foundation.framework */ = {isa = PBXFileReference; lastKnownFileType = wrapper.framework; name = Foundation.framework; path = System/Library/Frameworks/Foundation.framework; sourceTree = SDKROOT; };
		C607042C17C5CE0F0076E919 /* MacTwee-Info.plist */ = {isa = PBXFileReference; lastKnownFileType = text.plist.xml; path = "MacTwee-Info.plist"; sourceTree = "<group>"; };
		C607042E17C5CE0F0076E919 /* en */ = {isa = PBXFileReference; lastKnownFileType = text.plist.strings; name = en; path = en.lproj/InfoPlist.strings; sourceTree = "<group>"; };
		C607043017C5CE0F0076E919 /* main.m */ = {isa = PBXFileReference; lastKnownFileType = sourcecode.c.objc; path = main.m; sourceTree = "<group>"; };
		C607043217C5CE0F0076E919 /* MacTwee-Prefix.pch */ = {isa = PBXFileReference; lastKnownFileType = sourcecode.c.h; path = "MacTwee-Prefix.pch"; sourceTree = "<group>"; };
		C607043417C5CE0F0076E919 /* en */ = {isa = PBXFileReference; lastKnownFileType = text.rtf; name = en; path = en.lproj/Credits.rtf; sourceTree = "<group>"; };
		C607043617C5CE0F0076E919 /* CBAppDelegate.h */ = {isa = PBXFileReference; lastKnownFileType = sourcecode.c.h; path = CBAppDelegate.h; sourceTree = "<group>"; };
		C607043717C5CE0F0076E919 /* CBAppDelegate.m */ = {isa = PBXFileReference; lastKnownFileType = sourcecode.c.objc; path = CBAppDelegate.m; sourceTree = "<group>"; };
		C607043A17C5CE0F0076E919 /* en */ = {isa = PBXFileReference; lastKnownFileType = file.xib; name = en; path = en.lproj/MainMenu.xib; sourceTree = "<group>"; };
		C607043D17C5CE0F0076E919 /* MacTwee.xcdatamodel */ = {isa = PBXFileReference; lastKnownFileType = wrapper.xcdatamodel; path = MacTwee.xcdatamodel; sourceTree = "<group>"; };
		C607044417C5CE0F0076E919 /* MacTweeTests.octest */ = {isa = PBXFileReference; explicitFileType = wrapper.cfbundle; includeInIndex = 0; path = MacTweeTests.octest; sourceTree = BUILT_PRODUCTS_DIR; };
		C607044517C5CE0F0076E919 /* SenTestingKit.framework */ = {isa = PBXFileReference; lastKnownFileType = wrapper.framework; name = SenTestingKit.framework; path = Library/Frameworks/SenTestingKit.framework; sourceTree = DEVELOPER_DIR; };
		C607044C17C5CE0F0076E919 /* MacTweeTests-Info.plist */ = {isa = PBXFileReference; lastKnownFileType = text.plist.xml; path = "MacTweeTests-Info.plist"; sourceTree = "<group>"; };
		C607044E17C5CE0F0076E919 /* en */ = {isa = PBXFileReference; lastKnownFileType = text.plist.strings; name = en; path = en.lproj/InfoPlist.strings; sourceTree = "<group>"; };
		C607045117C5CE0F0076E919 /* MacTweeTests.m */ = {isa = PBXFileReference; lastKnownFileType = sourcecode.c.objc; path = MacTweeTests.m; sourceTree = "<group>"; };
		C607045B17C5CEFC0076E919 /* CBCoreDataManager.h */ = {isa = PBXFileReference; fileEncoding = 4; lastKnownFileType = sourcecode.c.h; path = CBCoreDataManager.h; sourceTree = "<group>"; };
		C607045C17C5CEFC0076E919 /* CBCoreDataManager.m */ = {isa = PBXFileReference; fileEncoding = 4; lastKnownFileType = sourcecode.c.objc; path = CBCoreDataManager.m; sourceTree = "<group>"; };
		C607046217C5D0D60076E919 /* CWLSynthesizeSingleton.h */ = {isa = PBXFileReference; fileEncoding = 4; lastKnownFileType = sourcecode.c.h; path = CWLSynthesizeSingleton.h; sourceTree = "<group>"; };
		C60AFBB017CBABF100C6CA29 /* CBTextViewController.h */ = {isa = PBXFileReference; fileEncoding = 4; lastKnownFileType = sourcecode.c.h; path = CBTextViewController.h; sourceTree = "<group>"; };
		C60AFBB117CBABF100C6CA29 /* CBTextViewController.m */ = {isa = PBXFileReference; fileEncoding = 4; lastKnownFileType = sourcecode.c.objc; path = CBTextViewController.m; sourceTree = "<group>"; };
		C62A03FB17CA8C7D00B89A34 /* CBTweeImportUtility.h */ = {isa = PBXFileReference; fileEncoding = 4; lastKnownFileType = sourcecode.c.h; path = CBTweeImportUtility.h; sourceTree = "<group>"; };
		C62A03FC17CA8C7D00B89A34 /* CBTweeImportUtility.m */ = {isa = PBXFileReference; fileEncoding = 4; lastKnownFileType = sourcecode.c.objc; path = CBTweeImportUtility.m; sourceTree = "<group>"; };
		C62A03FE17CA8C8E00B89A34 /* CBTweeExportUtility.h */ = {isa = PBXFileReference; fileEncoding = 4; lastKnownFileType = sourcecode.c.h; path = CBTweeExportUtility.h; sourceTree = "<group>"; };
		C62A03FF17CA8C8E00B89A34 /* CBTweeExportUtility.m */ = {isa = PBXFileReference; fileEncoding = 4; lastKnownFileType = sourcecode.c.objc; path = CBTweeExportUtility.m; sourceTree = "<group>"; };
		C62A040117CA8C9E00B89A34 /* CBTweeBuildUtility.h */ = {isa = PBXFileReference; fileEncoding = 4; lastKnownFileType = sourcecode.c.h; path = CBTweeBuildUtility.h; sourceTree = "<group>"; };
		C62A040217CA8C9E00B89A34 /* CBTweeBuildUtility.m */ = {isa = PBXFileReference; fileEncoding = 4; lastKnownFileType = sourcecode.c.objc; path = CBTweeBuildUtility.m; sourceTree = "<group>"; };
		C62A040417CAF84200B89A34 /* CBProject.h */ = {isa = PBXFileReference; fileEncoding = 4; lastKnownFileType = sourcecode.c.h; path = CBProject.h; sourceTree = "<group>"; };
		C62A040517CAF84200B89A34 /* CBProject.m */ = {isa = PBXFileReference; fileEncoding = 4; lastKnownFileType = sourcecode.c.objc; path = CBProject.m; sourceTree = "<group>"; };
		C62A040717CAF84300B89A34 /* CBPassage.h */ = {isa = PBXFileReference; fileEncoding = 4; lastKnownFileType = sourcecode.c.h; path = CBPassage.h; sourceTree = "<group>"; };
		C62A040817CAF84300B89A34 /* CBPassage.m */ = {isa = PBXFileReference; fileEncoding = 4; lastKnownFileType = sourcecode.c.objc; path = CBPassage.m; sourceTree = "<group>"; };
		C6746FA717C977B00054BCD6 /* CBPreferencesManager.h */ = {isa = PBXFileReference; fileEncoding = 4; lastKnownFileType = sourcecode.c.h; path = CBPreferencesManager.h; sourceTree = "<group>"; };
		C6746FA817C977B00054BCD6 /* CBPreferencesManager.m */ = {isa = PBXFileReference; fileEncoding = 4; lastKnownFileType = sourcecode.c.objc; path = CBPreferencesManager.m; sourceTree = "<group>"; };
		C69DA20417C83B730007BD17 /* CBProjectEditor.h */ = {isa = PBXFileReference; fileEncoding = 4; lastKnownFileType = sourcecode.c.h; path = CBProjectEditor.h; sourceTree = "<group>"; };
		C69DA20517C83B730007BD17 /* CBProjectEditor.m */ = {isa = PBXFileReference; fileEncoding = 4; lastKnownFileType = sourcecode.c.objc; path = CBProjectEditor.m; sourceTree = "<group>"; };
		C69DA20D17C851CE0007BD17 /* CBProjectViewController.h */ = {isa = PBXFileReference; fileEncoding = 4; lastKnownFileType = sourcecode.c.h; path = CBProjectViewController.h; sourceTree = "<group>"; };
		C69DA20E17C851CE0007BD17 /* CBProjectViewController.m */ = {isa = PBXFileReference; fileEncoding = 4; lastKnownFileType = sourcecode.c.objc; path = CBProjectViewController.m; sourceTree = "<group>"; };
		C69DA20F17C851CE0007BD17 /* CBProjectView.xib */ = {isa = PBXFileReference; fileEncoding = 4; lastKnownFileType = file.xib; path = CBProjectView.xib; sourceTree = "<group>"; };
		C69DA21217C855AD0007BD17 /* CBTweeFileTools.h */ = {isa = PBXFileReference; fileEncoding = 4; lastKnownFileType = sourcecode.c.h; path = CBTweeFileTools.h; sourceTree = "<group>"; };
		C69DA21317C855AD0007BD17 /* CBTweeFileTools.m */ = {isa = PBXFileReference; fileEncoding = 4; lastKnownFileType = sourcecode.c.objc; path = CBTweeFileTools.m; sourceTree = "<group>"; };
		C69DA21617C863520007BD17 /* CBConstants.m */ = {isa = PBXFileReference; fileEncoding = 4; lastKnownFileType = sourcecode.c.objc; path = CBConstants.m; sourceTree = "<group>"; };
		C69DA21817C865270007BD17 /* CBConstants.h */ = {isa = PBXFileReference; fileEncoding = 4; lastKnownFileType = sourcecode.c.h; path = CBConstants.h; sourceTree = "<group>"; };
		C69DA21D17C87BA70007BD17 /* NSString+PDRegex.h */ = {isa = PBXFileReference; fileEncoding = 4; lastKnownFileType = sourcecode.c.h; name = "NSString+PDRegex.h"; path = "RegexOnNSString/NSString+PDRegex.h"; sourceTree = "<group>"; };
		C69DA21E17C87BA70007BD17 /* NSString+PDRegex.m */ = {isa = PBXFileReference; fileEncoding = 4; lastKnownFileType = sourcecode.c.objc; name = "NSString+PDRegex.m"; path = "RegexOnNSString/NSString+PDRegex.m"; sourceTree = "<group>"; };
		C6E90DBF17C8143C0049ED37 /* CBPrimaryWindowController.h */ = {isa = PBXFileReference; fileEncoding = 4; lastKnownFileType = sourcecode.c.h; path = CBPrimaryWindowController.h; sourceTree = "<group>"; };
		C6E90DC017C8143C0049ED37 /* CBPrimaryWindowController.m */ = {isa = PBXFileReference; fileEncoding = 4; lastKnownFileType = sourcecode.c.objc; path = CBPrimaryWindowController.m; sourceTree = "<group>"; };
		C6E90DC117C8143C0049ED37 /* CBPrimaryWindow.xib */ = {isa = PBXFileReference; fileEncoding = 4; lastKnownFileType = file.xib; path = CBPrimaryWindow.xib; sourceTree = "<group>"; };
		C6E90DC517C82A370049ED37 /* CBHomeViewController.h */ = {isa = PBXFileReference; fileEncoding = 4; lastKnownFileType = sourcecode.c.h; path = CBHomeViewController.h; sourceTree = "<group>"; };
		C6E90DC617C82A370049ED37 /* CBHomeViewController.m */ = {isa = PBXFileReference; fileEncoding = 4; lastKnownFileType = sourcecode.c.objc; path = CBHomeViewController.m; sourceTree = "<group>"; };
		C6E90DC717C82A370049ED37 /* CBHomeView.xib */ = {isa = PBXFileReference; fileEncoding = 4; lastKnownFileType = file.xib; path = CBHomeView.xib; sourceTree = "<group>"; };
/* End PBXFileReference section */

/* Begin PBXFrameworksBuildPhase section */
		C607041E17C5CE0F0076E919 /* Frameworks */ = {
			isa = PBXFrameworksBuildPhase;
			buildActionMask = 2147483647;
			files = (
				C607042517C5CE0F0076E919 /* Cocoa.framework in Frameworks */,
			);
			runOnlyForDeploymentPostprocessing = 0;
		};
		C607044017C5CE0F0076E919 /* Frameworks */ = {
			isa = PBXFrameworksBuildPhase;
			buildActionMask = 2147483647;
			files = (
				C607044617C5CE0F0076E919 /* SenTestingKit.framework in Frameworks */,
				C607044717C5CE0F0076E919 /* Cocoa.framework in Frameworks */,
			);
			runOnlyForDeploymentPostprocessing = 0;
		};
/* End PBXFrameworksBuildPhase section */

/* Begin PBXGroup section */
		C607041817C5CE0F0076E919 = {
			isa = PBXGroup;
			children = (
				C607042A17C5CE0F0076E919 /* MacTwee */,
				C607044A17C5CE0F0076E919 /* MacTweeTests */,
				C607042317C5CE0F0076E919 /* Frameworks */,
				C607042217C5CE0F0076E919 /* Products */,
			);
			sourceTree = "<group>";
		};
		C607042217C5CE0F0076E919 /* Products */ = {
			isa = PBXGroup;
			children = (
				C607042117C5CE0F0076E919 /* MacTwee.app */,
				C607044417C5CE0F0076E919 /* MacTweeTests.octest */,
			);
			name = Products;
			path = MacTwee;
			sourceTree = "<group>";
		};
		C607042317C5CE0F0076E919 /* Frameworks */ = {
			isa = PBXGroup;
			children = (
				C607042417C5CE0F0076E919 /* Cocoa.framework */,
				C607044517C5CE0F0076E919 /* SenTestingKit.framework */,
				C607042617C5CE0F0076E919 /* Other Frameworks */,
			);
			name = Frameworks;
			sourceTree = "<group>";
		};
		C607042617C5CE0F0076E919 /* Other Frameworks */ = {
			isa = PBXGroup;
			children = (
				C607042717C5CE0F0076E919 /* AppKit.framework */,
				C607042817C5CE0F0076E919 /* CoreData.framework */,
				C607042917C5CE0F0076E919 /* Foundation.framework */,
			);
			name = "Other Frameworks";
			sourceTree = "<group>";
		};
		C607042A17C5CE0F0076E919 /* MacTwee */ = {
			isa = PBXGroup;
			children = (
				C607043917C5CE0F0076E919 /* MainMenu.xib */,
				C607043617C5CE0F0076E919 /* CBAppDelegate.h */,
				C607043717C5CE0F0076E919 /* CBAppDelegate.m */,
				C69DA21217C855AD0007BD17 /* CBTweeFileTools.h */,
				C69DA21317C855AD0007BD17 /* CBTweeFileTools.m */,
				C62A03FB17CA8C7D00B89A34 /* CBTweeImportUtility.h */,
				C62A03FC17CA8C7D00B89A34 /* CBTweeImportUtility.m */,
				C62A03FE17CA8C8E00B89A34 /* CBTweeExportUtility.h */,
				C62A03FF17CA8C8E00B89A34 /* CBTweeExportUtility.m */,
				C62A040117CA8C9E00B89A34 /* CBTweeBuildUtility.h */,
				C62A040217CA8C9E00B89A34 /* CBTweeBuildUtility.m */,
				C607045B17C5CEFC0076E919 /* CBCoreDataManager.h */,
				C607045C17C5CEFC0076E919 /* CBCoreDataManager.m */,
				C607043C17C5CE0F0076E919 /* MacTwee.xcdatamodeld */,
				C62A040717CAF84300B89A34 /* CBPassage.h */,
				C62A040817CAF84300B89A34 /* CBPassage.m */,
				C62A040417CAF84200B89A34 /* CBProject.h */,
				C62A040517CAF84200B89A34 /* CBProject.m */,
				C69DA20417C83B730007BD17 /* CBProjectEditor.h */,
				C69DA20517C83B730007BD17 /* CBProjectEditor.m */,
				C6E90DC117C8143C0049ED37 /* CBPrimaryWindow.xib */,
				C6E90DBF17C8143C0049ED37 /* CBPrimaryWindowController.h */,
				C6E90DC017C8143C0049ED37 /* CBPrimaryWindowController.m */,
				C6E90DC717C82A370049ED37 /* CBHomeView.xib */,
				C6E90DC517C82A370049ED37 /* CBHomeViewController.h */,
				C6E90DC617C82A370049ED37 /* CBHomeViewController.m */,
				C69DA20F17C851CE0007BD17 /* CBProjectView.xib */,
				C69DA20D17C851CE0007BD17 /* CBProjectViewController.h */,
				C69DA20E17C851CE0007BD17 /* CBProjectViewController.m */,
				C60AFBB017CBABF100C6CA29 /* CBTextViewController.h */,
				C60AFBB117CBABF100C6CA29 /* CBTextViewController.m */,
				C69DA21817C865270007BD17 /* CBConstants.h */,
				C69DA21617C863520007BD17 /* CBConstants.m */,
				C6746FA717C977B00054BCD6 /* CBPreferencesManager.h */,
				C6746FA817C977B00054BCD6 /* CBPreferencesManager.m */,
				C607046217C5D0D60076E919 /* CWLSynthesizeSingleton.h */,
				C69DA21D17C87BA70007BD17 /* NSString+PDRegex.h */,
				C69DA21E17C87BA70007BD17 /* NSString+PDRegex.m */,
				C607042B17C5CE0F0076E919 /* Supporting Files */,
			);
			path = MacTwee;
			sourceTree = "<group>";
		};
		C607042B17C5CE0F0076E919 /* Supporting Files */ = {
			isa = PBXGroup;
			children = (
				C607042C17C5CE0F0076E919 /* MacTwee-Info.plist */,
				C607042D17C5CE0F0076E919 /* InfoPlist.strings */,
				C607043017C5CE0F0076E919 /* main.m */,
				C607043217C5CE0F0076E919 /* MacTwee-Prefix.pch */,
				C607043317C5CE0F0076E919 /* Credits.rtf */,
			);
			name = "Supporting Files";
			sourceTree = "<group>";
		};
		C607044A17C5CE0F0076E919 /* MacTweeTests */ = {
			isa = PBXGroup;
			children = (
				C607045117C5CE0F0076E919 /* MacTweeTests.m */,
				C607044B17C5CE0F0076E919 /* Supporting Files */,
			);
			path = MacTweeTests;
			sourceTree = "<group>";
		};
		C607044B17C5CE0F0076E919 /* Supporting Files */ = {
			isa = PBXGroup;
			children = (
				C607044C17C5CE0F0076E919 /* MacTweeTests-Info.plist */,
				C607044D17C5CE0F0076E919 /* InfoPlist.strings */,
			);
			name = "Supporting Files";
			sourceTree = "<group>";
		};
/* End PBXGroup section */

/* Begin PBXNativeTarget section */
		C607042017C5CE0F0076E919 /* MacTwee */ = {
			isa = PBXNativeTarget;
			buildConfigurationList = C607045517C5CE0F0076E919 /* Build configuration list for PBXNativeTarget "MacTwee" */;
			buildPhases = (
				C607041D17C5CE0F0076E919 /* Sources */,
				C607041E17C5CE0F0076E919 /* Frameworks */,
				C607041F17C5CE0F0076E919 /* Resources */,
			);
			buildRules = (
			);
			dependencies = (
			);
			name = MacTwee;
			productName = MacTwee;
			productReference = C607042117C5CE0F0076E919 /* MacTwee.app */;
			productType = "com.apple.product-type.application";
		};
		C607044317C5CE0F0076E919 /* MacTweeTests */ = {
			isa = PBXNativeTarget;
			buildConfigurationList = C607045817C5CE0F0076E919 /* Build configuration list for PBXNativeTarget "MacTweeTests" */;
			buildPhases = (
				C607043F17C5CE0F0076E919 /* Sources */,
				C607044017C5CE0F0076E919 /* Frameworks */,
				C607044117C5CE0F0076E919 /* Resources */,
				C607044217C5CE0F0076E919 /* ShellScript */,
			);
			buildRules = (
			);
			dependencies = (
				C607044917C5CE0F0076E919 /* PBXTargetDependency */,
			);
			name = MacTweeTests;
			productName = MacTweeTests;
			productReference = C607044417C5CE0F0076E919 /* MacTweeTests.octest */;
			productType = "com.apple.product-type.bundle";
		};
/* End PBXNativeTarget section */

/* Begin PBXProject section */
		C607041917C5CE0F0076E919 /* Project object */ = {
			isa = PBXProject;
			attributes = {
				CLASSPREFIX = CB;
				LastUpgradeCheck = 0460;
				ORGANIZATIONNAME = "Chris Braithwaite";
			};
			buildConfigurationList = C607041C17C5CE0F0076E919 /* Build configuration list for PBXProject "MacTwee" */;
			compatibilityVersion = "Xcode 3.2";
			developmentRegion = English;
			hasScannedForEncodings = 0;
			knownRegions = (
				en,
			);
			mainGroup = C607041817C5CE0F0076E919;
			productRefGroup = C607042217C5CE0F0076E919 /* Products */;
			projectDirPath = "";
			projectRoot = "";
			targets = (
				C607042017C5CE0F0076E919 /* MacTwee */,
				C607044317C5CE0F0076E919 /* MacTweeTests */,
			);
		};
/* End PBXProject section */

/* Begin PBXResourcesBuildPhase section */
		C607041F17C5CE0F0076E919 /* Resources */ = {
			isa = PBXResourcesBuildPhase;
			buildActionMask = 2147483647;
			files = (
				C607042F17C5CE0F0076E919 /* InfoPlist.strings in Resources */,
				C607043517C5CE0F0076E919 /* Credits.rtf in Resources */,
				C607043B17C5CE0F0076E919 /* MainMenu.xib in Resources */,
				C6E90DC317C8143C0049ED37 /* CBPrimaryWindow.xib in Resources */,
				C6E90DC917C82A370049ED37 /* CBHomeView.xib in Resources */,
				C69DA21117C851CE0007BD17 /* CBProjectView.xib in Resources */,
			);
			runOnlyForDeploymentPostprocessing = 0;
		};
		C607044117C5CE0F0076E919 /* Resources */ = {
			isa = PBXResourcesBuildPhase;
			buildActionMask = 2147483647;
			files = (
				C607044F17C5CE0F0076E919 /* InfoPlist.strings in Resources */,
			);
			runOnlyForDeploymentPostprocessing = 0;
		};
/* End PBXResourcesBuildPhase section */

/* Begin PBXShellScriptBuildPhase section */
		C607044217C5CE0F0076E919 /* ShellScript */ = {
			isa = PBXShellScriptBuildPhase;
			buildActionMask = 2147483647;
			files = (
			);
			inputPaths = (
			);
			outputPaths = (
			);
			runOnlyForDeploymentPostprocessing = 0;
			shellPath = /bin/sh;
			shellScript = "# Run the unit tests in this test bundle.\n\"${SYSTEM_DEVELOPER_DIR}/Tools/RunUnitTests\"\n";
		};
/* End PBXShellScriptBuildPhase section */

/* Begin PBXSourcesBuildPhase section */
		C607041D17C5CE0F0076E919 /* Sources */ = {
			isa = PBXSourcesBuildPhase;
			buildActionMask = 2147483647;
			files = (
				C607043117C5CE0F0076E919 /* main.m in Sources */,
				C607043817C5CE0F0076E919 /* CBAppDelegate.m in Sources */,
				C607043E17C5CE0F0076E919 /* MacTwee.xcdatamodeld in Sources */,
				C607045D17C5CEFC0076E919 /* CBCoreDataManager.m in Sources */,
				C6E90DC217C8143C0049ED37 /* CBPrimaryWindowController.m in Sources */,
				C6E90DC817C82A370049ED37 /* CBHomeViewController.m in Sources */,
				C69DA20617C83B730007BD17 /* CBProjectEditor.m in Sources */,
				C69DA21017C851CE0007BD17 /* CBProjectViewController.m in Sources */,
				C69DA21417C855AD0007BD17 /* CBTweeFileTools.m in Sources */,
				C69DA21717C863520007BD17 /* CBConstants.m in Sources */,
				C69DA21F17C87BA70007BD17 /* NSString+PDRegex.m in Sources */,
				C6746FA917C977B00054BCD6 /* CBPreferencesManager.m in Sources */,
				C62A03FD17CA8C7E00B89A34 /* CBTweeImportUtility.m in Sources */,
				C62A040017CA8C8E00B89A34 /* CBTweeExportUtility.m in Sources */,
				C62A040317CA8C9E00B89A34 /* CBTweeBuildUtility.m in Sources */,
				C62A040617CAF84300B89A34 /* CBProject.m in Sources */,
				C62A040917CAF84300B89A34 /* CBPassage.m in Sources */,
				C60AFBB217CBABF100C6CA29 /* CBTextViewController.m in Sources */,
			);
			runOnlyForDeploymentPostprocessing = 0;
		};
		C607043F17C5CE0F0076E919 /* Sources */ = {
			isa = PBXSourcesBuildPhase;
			buildActionMask = 2147483647;
			files = (
				C607045217C5CE0F0076E919 /* MacTweeTests.m in Sources */,
			);
			runOnlyForDeploymentPostprocessing = 0;
		};
/* End PBXSourcesBuildPhase section */

/* Begin PBXTargetDependency section */
		C607044917C5CE0F0076E919 /* PBXTargetDependency */ = {
			isa = PBXTargetDependency;
			target = C607042017C5CE0F0076E919 /* MacTwee */;
			targetProxy = C607044817C5CE0F0076E919 /* PBXContainerItemProxy */;
		};
/* End PBXTargetDependency section */

/* Begin PBXVariantGroup section */
		C607042D17C5CE0F0076E919 /* InfoPlist.strings */ = {
			isa = PBXVariantGroup;
			children = (
				C607042E17C5CE0F0076E919 /* en */,
			);
			name = InfoPlist.strings;
			sourceTree = "<group>";
		};
		C607043317C5CE0F0076E919 /* Credits.rtf */ = {
			isa = PBXVariantGroup;
			children = (
				C607043417C5CE0F0076E919 /* en */,
			);
			name = Credits.rtf;
			sourceTree = "<group>";
		};
		C607043917C5CE0F0076E919 /* MainMenu.xib */ = {
			isa = PBXVariantGroup;
			children = (
				C607043A17C5CE0F0076E919 /* en */,
			);
			name = MainMenu.xib;
			sourceTree = "<group>";
		};
		C607044D17C5CE0F0076E919 /* InfoPlist.strings */ = {
			isa = PBXVariantGroup;
			children = (
				C607044E17C5CE0F0076E919 /* en */,
			);
			name = InfoPlist.strings;
			sourceTree = "<group>";
		};
/* End PBXVariantGroup section */

/* Begin XCBuildConfiguration section */
		C607045317C5CE0F0076E919 /* Debug */ = {
			isa = XCBuildConfiguration;
			buildSettings = {
				ALWAYS_SEARCH_USER_PATHS = NO;
				ARCHS = "$(ARCHS_STANDARD_64_BIT)";
				CLANG_CXX_LANGUAGE_STANDARD = "gnu++0x";
				CLANG_CXX_LIBRARY = "libc++";
				CLANG_ENABLE_OBJC_ARC = YES;
				CLANG_WARN_CONSTANT_CONVERSION = YES;
				CLANG_WARN_EMPTY_BODY = YES;
				CLANG_WARN_ENUM_CONVERSION = YES;
				CLANG_WARN_INT_CONVERSION = YES;
				CLANG_WARN__DUPLICATE_METHOD_MATCH = YES;
				COPY_PHASE_STRIP = NO;
				GCC_C_LANGUAGE_STANDARD = gnu99;
				GCC_DYNAMIC_NO_PIC = NO;
				GCC_ENABLE_OBJC_EXCEPTIONS = YES;
				GCC_OPTIMIZATION_LEVEL = 0;
				GCC_PREPROCESSOR_DEFINITIONS = (
					"DEBUG=1",
					"$(inherited)",
				);
				GCC_SYMBOLS_PRIVATE_EXTERN = NO;
				GCC_WARN_64_TO_32_BIT_CONVERSION = YES;
				GCC_WARN_ABOUT_RETURN_TYPE = YES;
				GCC_WARN_UNINITIALIZED_AUTOS = YES;
				GCC_WARN_UNUSED_VARIABLE = YES;
				MACOSX_DEPLOYMENT_TARGET = 10.6;
				ONLY_ACTIVE_ARCH = YES;
				SDKROOT = macosx;
			};
			name = Debug;
		};
		C607045417C5CE0F0076E919 /* Release */ = {
			isa = XCBuildConfiguration;
			buildSettings = {
				ALWAYS_SEARCH_USER_PATHS = NO;
				ARCHS = "$(ARCHS_STANDARD_64_BIT)";
				CLANG_CXX_LANGUAGE_STANDARD = "gnu++0x";
				CLANG_CXX_LIBRARY = "libc++";
				CLANG_ENABLE_OBJC_ARC = YES;
				CLANG_WARN_CONSTANT_CONVERSION = YES;
				CLANG_WARN_EMPTY_BODY = YES;
				CLANG_WARN_ENUM_CONVERSION = YES;
				CLANG_WARN_INT_CONVERSION = YES;
				CLANG_WARN__DUPLICATE_METHOD_MATCH = YES;
				COPY_PHASE_STRIP = YES;
				DEBUG_INFORMATION_FORMAT = "dwarf-with-dsym";
				GCC_C_LANGUAGE_STANDARD = gnu99;
				GCC_ENABLE_OBJC_EXCEPTIONS = YES;
				GCC_WARN_64_TO_32_BIT_CONVERSION = YES;
				GCC_WARN_ABOUT_RETURN_TYPE = YES;
				GCC_WARN_UNINITIALIZED_AUTOS = YES;
				GCC_WARN_UNUSED_VARIABLE = YES;
				MACOSX_DEPLOYMENT_TARGET = 10.6;
				SDKROOT = macosx;
			};
			name = Release;
		};
		C607045617C5CE0F0076E919 /* Debug */ = {
			isa = XCBuildConfiguration;
			buildSettings = {
				COMBINE_HIDPI_IMAGES = YES;
				GCC_PRECOMPILE_PREFIX_HEADER = YES;
				GCC_PREFIX_HEADER = "MacTwee/MacTwee-Prefix.pch";
				INFOPLIST_FILE = "MacTwee/MacTwee-Info.plist";
				MACOSX_DEPLOYMENT_TARGET = 10.6;
				PRODUCT_NAME = MacTwee;
				SDKROOT = macosx;
				WRAPPER_EXTENSION = app;
			};
			name = Debug;
		};
		C607045717C5CE0F0076E919 /* Release */ = {
			isa = XCBuildConfiguration;
			buildSettings = {
				COMBINE_HIDPI_IMAGES = YES;
				GCC_PRECOMPILE_PREFIX_HEADER = YES;
				GCC_PREFIX_HEADER = "MacTwee/MacTwee-Prefix.pch";
				INFOPLIST_FILE = "MacTwee/MacTwee-Info.plist";
				MACOSX_DEPLOYMENT_TARGET = 10.6;
				PRODUCT_NAME = MacTwee;
				SDKROOT = macosx;
				WRAPPER_EXTENSION = app;
			};
			name = Release;
		};
		C607045917C5CE0F0076E919 /* Debug */ = {
			isa = XCBuildConfiguration;
			buildSettings = {
				BUNDLE_LOADER = "$(BUILT_PRODUCTS_DIR)/MacTwee.app/Contents/MacOS/MacTwee";
				COMBINE_HIDPI_IMAGES = YES;
				FRAMEWORK_SEARCH_PATHS = "\"$(DEVELOPER_LIBRARY_DIR)/Frameworks\"";
				GCC_PRECOMPILE_PREFIX_HEADER = YES;
				GCC_PREFIX_HEADER = "MacTwee/MacTwee-Prefix.pch";
				INFOPLIST_FILE = "MacTweeTests/MacTweeTests-Info.plist";
				PRODUCT_NAME = MacTweeTests;
				TEST_HOST = "$(BUNDLE_LOADER)";
				WRAPPER_EXTENSION = octest;
			};
			name = Debug;
		};
		C607045A17C5CE0F0076E919 /* Release */ = {
			isa = XCBuildConfiguration;
			buildSettings = {
				BUNDLE_LOADER = "$(BUILT_PRODUCTS_DIR)/MacTwee.app/Contents/MacOS/MacTwee";
				COMBINE_HIDPI_IMAGES = YES;
				FRAMEWORK_SEARCH_PATHS = "\"$(DEVELOPER_LIBRARY_DIR)/Frameworks\"";
				GCC_PRECOMPILE_PREFIX_HEADER = YES;
				GCC_PREFIX_HEADER = "MacTwee/MacTwee-Prefix.pch";
				INFOPLIST_FILE = "MacTweeTests/MacTweeTests-Info.plist";
				PRODUCT_NAME = MacTweeTests;
				TEST_HOST = "$(BUNDLE_LOADER)";
				WRAPPER_EXTENSION = octest;
			};
			name = Release;
		};
/* End XCBuildConfiguration section */

/* Begin XCConfigurationList section */
		C607041C17C5CE0F0076E919 /* Build configuration list for PBXProject "MacTwee" */ = {
			isa = XCConfigurationList;
			buildConfigurations = (
				C607045317C5CE0F0076E919 /* Debug */,
				C607045417C5CE0F0076E919 /* Release */,
			);
			defaultConfigurationIsVisible = 0;
			defaultConfigurationName = Release;
		};
		C607045517C5CE0F0076E919 /* Build configuration list for PBXNativeTarget "MacTwee" */ = {
			isa = XCConfigurationList;
			buildConfigurations = (
				C607045617C5CE0F0076E919 /* Debug */,
				C607045717C5CE0F0076E919 /* Release */,
			);
			defaultConfigurationIsVisible = 0;
			defaultConfigurationName = Release;
		};
		C607045817C5CE0F0076E919 /* Build configuration list for PBXNativeTarget "MacTweeTests" */ = {
			isa = XCConfigurationList;
			buildConfigurations = (
				C607045917C5CE0F0076E919 /* Debug */,
				C607045A17C5CE0F0076E919 /* Release */,
			);
			defaultConfigurationIsVisible = 0;
			defaultConfigurationName = Release;
		};
/* End XCConfigurationList section */

/* Begin XCVersionGroup section */
		C607043C17C5CE0F0076E919 /* MacTwee.xcdatamodeld */ = {
			isa = XCVersionGroup;
			children = (
				C607043D17C5CE0F0076E919 /* MacTwee.xcdatamodel */,
			);
			currentVersion = C607043D17C5CE0F0076E919 /* MacTwee.xcdatamodel */;
			path = MacTwee.xcdatamodeld;
			sourceTree = "<group>";
			versionGroupType = wrapper.xcdatamodel;
		};
/* End XCVersionGroup section */
	};
	rootObject = C607041917C5CE0F0076E919 /* Project object */;
}
